
Microsoft Visual Studio Solution File, Format Version 12.00
# Visual Studio 14
VisualStudioVersion = 14.0.25420.1
MinimumVisualStudioVersion = 10.0.40219.1
Project("{FAE04EC0-301F-11D3-BF4B-00C04F79EFBC}") = "Stratego", "Stratego\Stratego.csproj", "{F4D7E075-C671-4D8B-9068-AD70BCFD4E81}"
EndProject
Project("{FAE04EC0-301F-11D3-BF4B-00C04F79EFBC}") = "Stratego.Tests", "Stratego.Tests\Stratego.Tests.csproj", "{AB870D8F-F8B7-4553-A7D5-98D08CF24874}"
EndProject
Global
	GlobalSection(SolutionConfigurationPlatforms) = preSolution
		Debug|Any CPU = Debug|Any CPU
		Release|Any CPU = Release|Any CPU
	EndGlobalSection
	GlobalSection(ProjectConfigurationPlatforms) = postSolution
		{F4D7E075-C671-4D8B-9068-AD70BCFD4E81}.Debug|Any CPU.ActiveCfg = Debug|Any CPU
		{F4D7E075-C671-4D8B-9068-AD70BCFD4E81}.Debug|Any CPU.Build.0 = Debug|Any CPU
		{F4D7E075-C671-4D8B-9068-AD70BCFD4E81}.Release|Any CPU.ActiveCfg = Release|Any CPU
		{F4D7E075-C671-4D8B-9068-AD70BCFD4E81}.Release|Any CPU.Build.0 = Release|Any CPU
		{AB870D8F-F8B7-4553-A7D5-98D08CF24874}.Debug|Any CPU.ActiveCfg = Debug|Any CPU
		{AB870D8F-F8B7-4553-A7D5-98D08CF24874}.Debug|Any CPU.Build.0 = Debug|Any CPU
		{AB870D8F-F8B7-4553-A7D5-98D08CF24874}.Release|Any CPU.ActiveCfg = Release|Any CPU
		{AB870D8F-F8B7-4553-A7D5-98D08CF24874}.Release|Any CPU.Build.0 = Release|Any CPU
	EndGlobalSection
	GlobalSection(SolutionProperties) = preSolution
		HideSolutionNode = FALSE
	EndGlobalSection
EndGlobal
